# Exact root package, source archive, SHA-256, SHA-512.
digestif.1.4.0+reuna1	https://github.com/reuna-labs/digestif/archive/refs/tags/v1.4.0-alpha1.tar.gz	3985774d2bed029d99152bb3e819bee1e569f89e381074b9e5bc86afadfab29a	aaa1213182c77bb0a3069d9c8209315092cb955afaccf8adf3e8300068edf3a0f470d5b357d53c7c9e3dad1b6ad7e1b107b86e7c2428e3e6085e4bb0e8a2599f
mirage-crypto.2.4.2~reuna1	https://github.com/reuna-labs/mirage-crypto/archive/refs/tags/v2.4.0-reuna1.tar.gz	9a205da3582ae07c006a3f7711afdd8d02a284f5ed96c9b84e685a4a5e3bd44b	b02287dca8e795b25b7e474727dced9fb6582c6a7d587c7c7f56ab5b46163353a814d6bc241c262738d45af1aebf1cea3e51e0b75421c3616c831015c72c8575
grpc.0.2.1~alpha1	https://github.com/reuna-labs/ocaml-grpc/archive/refs/tags/v0.2.1-alpha1.tar.gz	b96e4b6004e34c59b9dd604c869536c1afdec1e807163179b3d1d9a19d8e3984	ea878f73dcf0f6e871b4412971cf880f42c1324e7fc9fe79652adb6419d7dc3f8cc5502d11936fddc1034f5d8205e30d914d9a66ffb92c4a0f54bccb6d41866d
evm.0.2.0~alpha1	https://github.com/reuna-labs/ocaml-evm/archive/refs/tags/v0.2.0-alpha1.tar.gz	4fbe2d8e6f5711958f04dbabe84c0ff6de06ba958a0321d3042b066068e3bbe7	a726a55d76291bff508987f56036df358a5401a61714a43f7a354a797a65a15c86e66b97846681e5d644e324f6c0dac6bc3dbab853af96e54b5333610cc0a449
web3-codec.0.1.0~alpha1	https://github.com/reuna-labs/ocaml-web3-codec/archive/refs/tags/v0.1.0-alpha1.tar.gz	beeba4cd9bba9c8f9a6a8320e98c3336136f6cbe34250cce2b0f61de0347bebe	9487dd36a51eda14458cac765df4e380ddc685d72f2c13396703b233531b19f74d082bcc1230047a742eb1e04f1839a3c18f76d064afae9f66cc1fbeaa2c937b
bitcoin.4.0.0~alpha1	https://github.com/reuna-labs/ocaml-bitcoin/archive/refs/tags/v4.0.0-alpha1.tar.gz	d909354cfd3eb377953d94a7c02ec0a3ae9225c332efcf523ed1e1cdfd442b1e	e2a8bae2649d5469459815ff75b08b5dfada88ec1f41a07d89f619e1c146c00768828e6f976d0749316266f2717968aa7f969a3168d6182b64ffbd8424b56bfc
mpc-unix.0.1.0~alpha1	https://github.com/reuna-labs/ocaml-mpc/archive/refs/tags/v0.1.0-alpha1.tar.gz	4344da912cf426f1ec9991ca936285e93df29742eb97103009a49c5c371cf5da	a2a9e38bd64906f865d1761f0877921a808ec6e2a51b26b6da86b08b5d3dbfb2fc9f2feec0f6514ec0305af7eb37063cbcfdb38e7f6b8c9d5c63035d03cb5ef5
cometbft-unix.0.1.0~alpha2	https://github.com/reuna-labs/ocaml-cometbft/archive/refs/tags/v0.1.0-alpha2.tar.gz	09d0f30ca03addf04fb9ea83e6db633bc02a7059a5b418c1414bb8bf2b168098	fdf5caafa4c8d7d00afa27e370992c054281119225a2311f6dd69e1a807c1527d0951295588a01a9602ce06d6a9abac12e55861b5807a51c38f34018aa1481c9
solana-rpc-unix.0.1.0~alpha1	https://github.com/reuna-labs/ocaml-solana/archive/refs/tags/v0.1.0-alpha1.tar.gz	8c77905ae627db3dc414161de6f38e15c205d5b6bfa5ba73554600d93d40ce59	bba8da062fcfac668f63a479efe6737deebbd3e8d2d00f25c0388c3aaf34bc8f3dbf12bfa2e0a6039be356dc358aebc8d9876a32d4394bfe63cbc3f6f3764376
ton-light-client.0.1.0~alpha2	https://github.com/reuna-labs/ocaml-ton/archive/refs/tags/v0.1.0-alpha2.tar.gz	fce8bdca0c54dcdbdcbd9c0c16099c1d6859340bfa2d706dcb10c8eba7938873	bc57c740100114ccec6323fe1956a9ea66e67d9e63565eae60e38296ca67c2c0dfec33a80671613be8c8adf9c254b6d2ca3b1b5b99f164c4602c32e233a395bd
cardano-rpc-unix.0.1.0~alpha2	https://github.com/reuna-labs/ocaml-cardano/archive/refs/tags/v0.1.0-alpha2.tar.gz	df04efe32a1bf89221b8c8a2b0213589b711b0d23eced3269ca371d7d44e1b09	27c3ab3b5820a240d6afbe94902dc25fc6b0784799753898767e265d36e70f0c07a7caed0b3839958c20ce34cd9e013694c86f2deaf088804b5a310f24c291a6
cosmos-rpc-unix.0.1.0~alpha3	https://github.com/reuna-labs/ocaml-cosmos/archive/refs/tags/v0.1.0-alpha3.tar.gz	a357a03bdec627285f66b696b3d6efa565e532672c9efb5b9d224e0d1bb5df08	d2b066b628501752dcb10131a70237b5faad4c5758c8219101d3cad2ddf38e4a6a3403cc82ee92c27ae6102c9c9898da24743256a8de27c7f8caae0f6419631f
tron-rpc-unix.0.1.0~alpha2	https://github.com/reuna-labs/ocaml-tron/archive/refs/tags/v0.1.0-alpha2.tar.gz	73cfae4e2d62b28c5eb45cc6f2f3fa5a40b98fcab08c19033808d850946d1f51	b0f89fe4fc8a0579a88765bea84c1d6eb777748845c70b00c6a0dac0f7796614ad6eb0225147716178a6b6f8e9e7911cb2f60582315ce182438deb7d141030e1
